// !$*UTF8*$!
{
	archiveVersion = 1;
	classes = {
	};
	objectVersion = 51;
	objects = {

/* Begin PBXBuildFile section */
		3EEF2ABB733F8A2888206098 /* Pods_testLampa.framework in Frameworks */ = {isa = PBXBuildFile; fileRef = 482BF8D24399BA5AAD89D109 /* Pods_testLampa.framework */; };
		D30F077C2512131A00967B38 /* AppDelegate.swift in Sources */ = {isa = PBXBuildFile; fileRef = D30F077B2512131A00967B38 /* AppDelegate.swift */; };
		D30F07802512131A00967B38 /* MainViewController.swift in Sources */ = {isa = PBXBuildFile; fileRef = D30F077F2512131A00967B38 /* MainViewController.swift */; };
		D30F07832512131A00967B38 /* Main.storyboard in Resources */ = {isa = PBXBuildFile; fileRef = D30F07812512131A00967B38 /* Main.storyboard */; };
		D30F07852512131C00967B38 /* Assets.xcassets in Resources */ = {isa = PBXBuildFile; fileRef = D30F07842512131C00967B38 /* Assets.xcassets */; };
		D30F07882512131C00967B38 /* LaunchScreen.storyboard in Resources */ = {isa = PBXBuildFile; fileRef = D30F07862512131C00967B38 /* LaunchScreen.storyboard */; };
		D30F0790251240CA00967B38 /* CustomSegmentedControl.swift in Sources */ = {isa = PBXBuildFile; fileRef = D30F078F251240CA00967B38 /* CustomSegmentedControl.swift */; };
		D30F0793251499F800967B38 /* TopCollectionViewCell.swift in Sources */ = {isa = PBXBuildFile; fileRef = D30F0791251499F700967B38 /* TopCollectionViewCell.swift */; };
		D30F0794251499F800967B38 /* TopCollectionViewCell.xib in Resources */ = {isa = PBXBuildFile; fileRef = D30F0792251499F700967B38 /* TopCollectionViewCell.xib */; };
		D3614F4525162ACE00011A34 /* NetworkService.swift in Sources */ = {isa = PBXBuildFile; fileRef = D3614F4425162ACE00011A34 /* NetworkService.swift */; };
		D3614F472516367B00011A34 /* MovieModel.swift in Sources */ = {isa = PBXBuildFile; fileRef = D3614F462516367B00011A34 /* MovieModel.swift */; };
		D3614F4925177C9100011A34 /* NetworkManager.swift in Sources */ = {isa = PBXBuildFile; fileRef = D3614F4825177C9100011A34 /* NetworkManager.swift */; };
		D3614F4D2519DAB800011A34 /* MainPresenter.swift in Sources */ = {isa = PBXBuildFile; fileRef = D3614F4C2519DAB800011A34 /* MainPresenter.swift */; };
		D3614F502519DB3B00011A34 /* MainBuilder.swift in Sources */ = {isa = PBXBuildFile; fileRef = D3614F4F2519DB3B00011A34 /* MainBuilder.swift */; };
		D377A2A9251D1C44002D45BB /* SearchController.swift in Sources */ = {isa = PBXBuildFile; fileRef = D377A2A8251D1C44002D45BB /* SearchController.swift */; };
		D377DFE42514CC5A00C3B33B /* TopContentCollectionViewCell.swift in Sources */ = {isa = PBXBuildFile; fileRef = D377DFE22514CC5A00C3B33B /* TopContentCollectionViewCell.swift */; };
		D377DFE52514CC5A00C3B33B /* TopContentCollectionViewCell.xib in Resources */ = {isa = PBXBuildFile; fileRef = D377DFE32514CC5A00C3B33B /* TopContentCollectionViewCell.xib */; };
		D377DFE82514FEBA00C3B33B /* DefaultCollectionViewCell.swift in Sources */ = {isa = PBXBuildFile; fileRef = D377DFE62514FEBA00C3B33B /* DefaultCollectionViewCell.swift */; };
		D377DFE92514FEBA00C3B33B /* DefaultCollectionViewCell.xib in Resources */ = {isa = PBXBuildFile; fileRef = D377DFE72514FEBA00C3B33B /* DefaultCollectionViewCell.xib */; };
		D3FD3892251E141A00ACB4F2 /* Delegate.swift in Sources */ = {isa = PBXBuildFile; fileRef = D3FD3891251E141A00ACB4F2 /* Delegate.swift */; };
/* End PBXBuildFile section */

/* Begin PBXFileReference section */
		482BF8D24399BA5AAD89D109 /* Pods_testLampa.framework */ = {isa = PBXFileReference; explicitFileType = wrapper.framework; includeInIndex = 0; path = Pods_testLampa.framework; sourceTree = BUILT_PRODUCTS_DIR; };
		48C59A4DDF6AF3E303BCF898 /* Pods-testLampa.release.xcconfig */ = {isa = PBXFileReference; includeInIndex = 1; lastKnownFileType = text.xcconfig; name = "Pods-testLampa.release.xcconfig"; path = "Target Support Files/Pods-testLampa/Pods-testLampa.release.xcconfig"; sourceTree = "<group>"; };
		9CC9A18E6578BFAA95967AD2 /* Pods-testLampa.debug.xcconfig */ = {isa = PBXFileReference; includeInIndex = 1; lastKnownFileType = text.xcconfig; name = "Pods-testLampa.debug.xcconfig"; path = "Target Support Files/Pods-testLampa/Pods-testLampa.debug.xcconfig"; sourceTree = "<group>"; };
		D30F07782512131A00967B38 /* testLampa.app */ = {isa = PBXFileReference; explicitFileType = wrapper.application; includeInIndex = 0; path = testLampa.app; sourceTree = BUILT_PRODUCTS_DIR; };
		D30F077B2512131A00967B38 /* AppDelegate.swift */ = {isa = PBXFileReference; lastKnownFileType = sourcecode.swift; path = AppDelegate.swift; sourceTree = "<group>"; };
		D30F077F2512131A00967B38 /* MainViewController.swift */ = {isa = PBXFileReference; lastKnownFileType = sourcecode.swift; path = MainViewController.swift; sourceTree = "<group>"; };
		D30F07822512131A00967B38 /* Base */ = {isa = PBXFileReference; lastKnownFileType = file.storyboard; name = Base; path = Base.lproj/Main.storyboard; sourceTree = "<group>"; };
		D30F07842512131C00967B38 /* Assets.xcassets */ = {isa = PBXFileReference; lastKnownFileType = folder.assetcatalog; path = Assets.xcassets; sourceTree = "<group>"; };
		D30F07872512131C00967B38 /* Base */ = {isa = PBXFileReference; lastKnownFileType = file.storyboard; name = Base; path = Base.lproj/LaunchScreen.storyboard; sourceTree = "<group>"; };
		D30F07892512131C00967B38 /* Info.plist */ = {isa = PBXFileReference; lastKnownFileType = text.plist.xml; path = Info.plist; sourceTree = "<group>"; };
		D30F078F251240CA00967B38 /* CustomSegmentedControl.swift */ = {isa = PBXFileReference; lastKnownFileType = sourcecode.swift; path = CustomSegmentedControl.swift; sourceTree = "<group>"; };
		D30F0791251499F700967B38 /* TopCollectionViewCell.swift */ = {isa = PBXFileReference; lastKnownFileType = sourcecode.swift; path = TopCollectionViewCell.swift; sourceTree = "<group>"; };
		D30F0792251499F700967B38 /* TopCollectionViewCell.xib */ = {isa = PBXFileReference; lastKnownFileType = file.xib; path = TopCollectionViewCell.xib; sourceTree = "<group>"; };
		D3614F4425162ACE00011A34 /* NetworkService.swift */ = {isa = PBXFileReference; lastKnownFileType = sourcecode.swift; path = NetworkService.swift; sourceTree = "<group>"; };
		D3614F462516367B00011A34 /* MovieModel.swift */ = {isa = PBXFileReference; lastKnownFileType = sourcecode.swift; path = MovieModel.swift; sourceTree = "<group>"; };
		D3614F4825177C9100011A34 /* NetworkManager.swift */ = {isa = PBXFileReference; lastKnownFileType = sourcecode.swift; path = NetworkManager.swift; sourceTree = "<group>"; };
		D3614F4C2519DAB800011A34 /* MainPresenter.swift */ = {isa = PBXFileReference; lastKnownFileType = sourcecode.swift; path = MainPresenter.swift; sourceTree = "<group>"; };
		D3614F4F2519DB3B00011A34 /* MainBuilder.swift */ = {isa = PBXFileReference; lastKnownFileType = sourcecode.swift; path = MainBuilder.swift; sourceTree = "<group>"; };
		D377A2A8251D1C44002D45BB /* SearchController.swift */ = {isa = PBXFileReference; lastKnownFileType = sourcecode.swift; path = SearchController.swift; sourceTree = "<group>"; };
		D377DFE22514CC5A00C3B33B /* TopContentCollectionViewCell.swift */ = {isa = PBXFileReference; lastKnownFileType = sourcecode.swift; path = TopContentCollectionViewCell.swift; sourceTree = "<group>"; };
		D377DFE32514CC5A00C3B33B /* TopContentCollectionViewCell.xib */ = {isa = PBXFileReference; lastKnownFileType = file.xib; path = TopContentCollectionViewCell.xib; sourceTree = "<group>"; };
		D377DFE62514FEBA00C3B33B /* DefaultCollectionViewCell.swift */ = {isa = PBXFileReference; lastKnownFileType = sourcecode.swift; path = DefaultCollectionViewCell.swift; sourceTree = "<group>"; };
		D377DFE72514FEBA00C3B33B /* DefaultCollectionViewCell.xib */ = {isa = PBXFileReference; lastKnownFileType = file.xib; path = DefaultCollectionViewCell.xib; sourceTree = "<group>"; };
		D3FD3891251E141A00ACB4F2 /* Delegate.swift */ = {isa = PBXFileReference; lastKnownFileType = sourcecode.swift; path = Delegate.swift; sourceTree = "<group>"; };
/* End PBXFileReference section */

/* Begin PBXFrameworksBuildPhase section */
		D30F07752512131A00967B38 /* Frameworks */ = {
			isa = PBXFrameworksBuildPhase;
			buildActionMask = 2147483647;
			files = (
				3EEF2ABB733F8A2888206098 /* Pods_testLampa.framework in Frameworks */,
			);
			runOnlyForDeploymentPostprocessing = 0;
		};
/* End PBXFrameworksBuildPhase section */

/* Begin PBXGroup section */
		20B9B62E49D503536C9249B4 /* Pods */ = {
			isa = PBXGroup;
			children = (
				9CC9A18E6578BFAA95967AD2 /* Pods-testLampa.debug.xcconfig */,
				48C59A4DDF6AF3E303BCF898 /* Pods-testLampa.release.xcconfig */,
			);
			path = Pods;
			sourceTree = "<group>";
		};
		454E72011160B9D2174934DC /* Frameworks */ = {
			isa = PBXGroup;
			children = (
				482BF8D24399BA5AAD89D109 /* Pods_testLampa.framework */,
			);
			name = Frameworks;
			sourceTree = "<group>";
		};
		D30F076F2512131A00967B38 = {
			isa = PBXGroup;
			children = (
				D30F077A2512131A00967B38 /* testLampa */,
				D30F07792512131A00967B38 /* Products */,
				20B9B62E49D503536C9249B4 /* Pods */,
				454E72011160B9D2174934DC /* Frameworks */,
			);
			sourceTree = "<group>";
		};
		D30F07792512131A00967B38 /* Products */ = {
			isa = PBXGroup;
			children = (
				D30F07782512131A00967B38 /* testLampa.app */,
			);
			name = Products;
			sourceTree = "<group>";
		};
		D30F077A2512131A00967B38 /* testLampa */ = {
			isa = PBXGroup;
			children = (
				D30F077B2512131A00967B38 /* AppDelegate.swift */,
				D3FD3891251E141A00ACB4F2 /* Delegate.swift */,
				D3CFBDCF251B718A0021E30C /* NetworkLayer */,
				D377DFE125149EBF00C3B33B /* Models */,
				D377DFEA2515011900C3B33B /* View */,
				D3614F4E2519DACC00011A34 /* Presenter */,
				D3614F512519DB4500011A34 /* Builder */,
				D30F07842512131C00967B38 /* Assets.xcassets */,
				D30F07862512131C00967B38 /* LaunchScreen.storyboard */,
				D30F07892512131C00967B38 /* Info.plist */,
			);
			path = testLampa;
			sourceTree = "<group>";
		};
		D30F079525149A0300967B38 /* Cells */ = {
			isa = PBXGroup;
			children = (
				D30F0791251499F700967B38 /* TopCollectionViewCell.swift */,
				D30F0792251499F700967B38 /* TopCollectionViewCell.xib */,
				D377DFE22514CC5A00C3B33B /* TopContentCollectionViewCell.swift */,
				D377DFE32514CC5A00C3B33B /* TopContentCollectionViewCell.xib */,
				D377DFE62514FEBA00C3B33B /* DefaultCollectionViewCell.swift */,
				D377DFE72514FEBA00C3B33B /* DefaultCollectionViewCell.xib */,
				D30F07812512131A00967B38 /* Main.storyboard */,
			);
			path = Cells;
			sourceTree = "<group>";
		};
		D3614F4E2519DACC00011A34 /* Presenter */ = {
			isa = PBXGroup;
			children = (
				D3614F4C2519DAB800011A34 /* MainPresenter.swift */,
			);
			path = Presenter;
			sourceTree = "<group>";
		};
		D3614F512519DB4500011A34 /* Builder */ = {
			isa = PBXGroup;
			children = (
				D3614F4F2519DB3B00011A34 /* MainBuilder.swift */,
			);
			path = Builder;
			sourceTree = "<group>";
		};
		D377DFE125149EBF00C3B33B /* Models */ = {
			isa = PBXGroup;
			children = (
				D3614F462516367B00011A34 /* MovieModel.swift */,
			);
			path = Models;
			sourceTree = "<group>";
		};
		D377DFEA2515011900C3B33B /* View */ = {
			isa = PBXGroup;
			children = (
				D30F077F2512131A00967B38 /* MainViewController.swift */,
				D377A2A8251D1C44002D45BB /* SearchController.swift */,
				D30F078F251240CA00967B38 /* CustomSegmentedControl.swift */,
				D30F079525149A0300967B38 /* Cells */,
			);
			path = View;
			sourceTree = "<group>";
		};
		D3CFBDCF251B718A0021E30C /* NetworkLayer */ = {
			isa = PBXGroup;
			children = (
				D3614F4425162ACE00011A34 /* NetworkService.swift */,
				D3614F4825177C9100011A34 /* NetworkManager.swift */,
			);
			path = NetworkLayer;
			sourceTree = "<group>";
		};
/* End PBXGroup section */

/* Begin PBXNativeTarget section */
		D30F07772512131A00967B38 /* testLampa */ = {
			isa = PBXNativeTarget;
			buildConfigurationList = D30F078C2512131C00967B38 /* Build configuration list for PBXNativeTarget "testLampa" */;
			buildPhases = (
				F4C436D23B61E9FA01271A38 /* [CP] Check Pods Manifest.lock */,
				D30F07742512131A00967B38 /* Sources */,
				D30F07752512131A00967B38 /* Frameworks */,
				D30F07762512131A00967B38 /* Resources */,
				7E1432F17ADBCB7F1EA90C58 /* [CP] Embed Pods Frameworks */,
			);
			buildRules = (
			);
			dependencies = (
			);
			name = testLampa;
			productName = testLampa;
			productReference = D30F07782512131A00967B38 /* testLampa.app */;
			productType = "com.apple.product-type.application";
		};
/* End PBXNativeTarget section */

/* Begin PBXProject section */
		D30F07702512131A00967B38 /* Project object */ = {
			isa = PBXProject;
			attributes = {
				LastSwiftUpdateCheck = 1160;
				LastUpgradeCheck = 1160;
				ORGANIZATIONNAME = "Андрей Шевчук";
				TargetAttributes = {
					D30F07772512131A00967B38 = {
						CreatedOnToolsVersion = 11.6;
					};
				};
			};
			buildConfigurationList = D30F07732512131A00967B38 /* Build configuration list for PBXProject "testLampa" */;
			compatibilityVersion = "Xcode 9.3";
			developmentRegion = en;
			hasScannedForEncodings = 0;
			knownRegions = (
				en,
				Base,
			);
			mainGroup = D30F076F2512131A00967B38;
			productRefGroup = D30F07792512131A00967B38 /* Products */;
			projectDirPath = "";
			projectRoot = "";
			targets = (
				D30F07772512131A00967B38 /* testLampa */,
			);
		};
/* End PBXProject section */

/* Begin PBXResourcesBuildPhase section */
		D30F07762512131A00967B38 /* Resources */ = {
			isa = PBXResourcesBuildPhase;
			buildActionMask = 2147483647;
			files = (
				D30F0794251499F800967B38 /* TopCollectionViewCell.xib in Resources */,
				D30F07882512131C00967B38 /* LaunchScreen.storyboard in Resources */,
				D30F07852512131C00967B38 /* Assets.xcassets in Resources */,
				D377DFE52514CC5A00C3B33B /* TopContentCollectionViewCell.xib in Resources */,
				D377DFE92514FEBA00C3B33B /* DefaultCollectionViewCell.xib in Resources */,
				D30F07832512131A00967B38 /* Main.storyboard in Resources */,
			);
			runOnlyForDeploymentPostprocessing = 0;
		};
/* End PBXResourcesBuildPhase section */

/* Begin PBXShellScriptBuildPhase section */
		7E1432F17ADBCB7F1EA90C58 /* [CP] Embed Pods Frameworks */ = {
			isa = PBXShellScriptBuildPhase;
			buildActionMask = 2147483647;
			files = (
			);
			inputFileListPaths = (
				"${PODS_ROOT}/Target Support Files/Pods-testLampa/Pods-testLampa-frameworks-${CONFIGURATION}-input-files.xcfilelist",
			);
			name = "[CP] Embed Pods Frameworks";
			outputFileListPaths = (
				"${PODS_ROOT}/Target Support Files/Pods-testLampa/Pods-testLampa-frameworks-${CONFIGURATION}-output-files.xcfilelist",
			);
			runOnlyForDeploymentPostprocessing = 0;
			shellPath = /bin/sh;
			shellScript = "\"${PODS_ROOT}/Target Support Files/Pods-testLampa/Pods-testLampa-frameworks.sh\"\n";
			showEnvVarsInLog = 0;
		};
		F4C436D23B61E9FA01271A38 /* [CP] Check Pods Manifest.lock */ = {
			isa = PBXShellScriptBuildPhase;
			buildActionMask = 2147483647;
			files = (
			);
			inputFileListPaths = (
			);
			inputPaths = (
				"${PODS_PODFILE_DIR_PATH}/Podfile.lock",
				"${PODS_ROOT}/Manifest.lock",
			);
			name = "[CP] Check Pods Manifest.lock";
			outputFileListPaths = (
			);
			outputPaths = (
				"$(DERIVED_FILE_DIR)/Pods-testLampa-checkManifestLockResult.txt",
			);
			runOnlyForDeploymentPostprocessing = 0;
			shellPath = /bin/sh;
			shellScript = "diff \"${PODS_PODFILE_DIR_PATH}/Podfile.lock\" \"${PODS_ROOT}/Manifest.lock\" > /dev/null\nif [ $? != 0 ] ; then\n    # print error to STDERR\n    echo \"error: The sandbox is not in sync with the Podfile.lock. Run 'pod install' or update your CocoaPods installation.\" >&2\n    exit 1\nfi\n# This output is used by Xcode 'outputs' to avoid re-running this script phase.\necho \"SUCCESS\" > \"${SCRIPT_OUTPUT_FILE_0}\"\n";
			showEnvVarsInLog = 0;
		};
/* End PBXShellScriptBuildPhase section */

/* Begin PBXSourcesBuildPhase section */
		D30F07742512131A00967B38 /* Sources */ = {
			isa = PBXSourcesBuildPhase;
			buildActionMask = 2147483647;
			files = (
				D3614F4925177C9100011A34 /* NetworkManager.swift in Sources */,
				D3614F472516367B00011A34 /* MovieModel.swift in Sources */,
				D377DFE42514CC5A00C3B33B /* TopContentCollectionViewCell.swift in Sources */,
				D3614F502519DB3B00011A34 /* MainBuilder.swift in Sources */,
				D30F0793251499F800967B38 /* TopCollectionViewCell.swift in Sources */,
				D3614F4525162ACE00011A34 /* NetworkService.swift in Sources */,
				D3614F4D2519DAB800011A34 /* MainPresenter.swift in Sources */,
				D377A2A9251D1C44002D45BB /* SearchController.swift in Sources */,
				D3FD3892251E141A00ACB4F2 /* Delegate.swift in Sources */,
				D30F07802512131A00967B38 /* MainViewController.swift in Sources */,
				D30F077C2512131A00967B38 /* AppDelegate.swift in Sources */,
				D377DFE82514FEBA00C3B33B /* DefaultCollectionViewCell.swift in Sources */,
				D30F0790251240CA00967B38 /* CustomSegmentedControl.swift in Sources */,
			);
			runOnlyForDeploymentPostprocessing = 0;
		};
/* End PBXSourcesBuildPhase section */

/* Begin PBXVariantGroup section */
		D30F07812512131A00967B38 /* Main.storyboard */ = {
			isa = PBXVariantGroup;
			children = (
				D30F07822512131A00967B38 /* Base */,
			);
			name = Main.storyboard;
			sourceTree = "<group>";
		};
		D30F07862512131C00967B38 /* LaunchScreen.storyboard */ = {
			isa = PBXVariantGroup;
			children = (
				D30F07872512131C00967B38 /* Base */,
			);
			name = LaunchScreen.storyboard;
			sourceTree = "<group>";
		};
/* End PBXVariantGroup section */

/* Begin XCBuildConfiguration section */
		D30F078A2512131C00967B38 /* Debug */ = {
			isa = XCBuildConfiguration;
			buildSettings = {
				ALWAYS_SEARCH_USER_PATHS = NO;
				CLANG_ANALYZER_NONNULL = YES;
				CLANG_ANALYZER_NUMBER_OBJECT_CONVERSION = YES_AGGRESSIVE;
				CLANG_CXX_LANGUAGE_STANDARD = "gnu++14";
				CLANG_CXX_LIBRARY = "libc++";
				CLANG_ENABLE_MODULES = YES;
				CLANG_ENABLE_OBJC_ARC = YES;
				CLANG_ENABLE_OBJC_WEAK = YES;
				CLANG_WARN_BLOCK_CAPTURE_AUTORELEASING = YES;
				CLANG_WARN_BOOL_CONVERSION = YES;
				CLANG_WARN_COMMA = YES;
				CLANG_WARN_CONSTANT_CONVERSION = YES;
				CLANG_WARN_DEPRECATED_OBJC_IMPLEMENTATIONS = YES;
				CLANG_WARN_DIRECT_OBJC_ISA_USAGE = YES_ERROR;
				CLANG_WARN_DOCUMENTATION_COMMENTS = YES;
				CLANG_WARN_EMPTY_BODY = YES;
				CLANG_WARN_ENUM_CONVERSION = YES;
				CLANG_WARN_INFINITE_RECURSION = YES;
				CLANG_WARN_INT_CONVERSION = YES;
				CLANG_WARN_NON_LITERAL_NULL_CONVERSION = YES;
				CLANG_WARN_OBJC_IMPLICIT_RETAIN_SELF = YES;
				CLANG_WARN_OBJC_LITERAL_CONVERSION = YES;
				CLANG_WARN_OBJC_ROOT_CLASS = YES_ERROR;
				CLANG_WARN_RANGE_LOOP_ANALYSIS = YES;
				CLANG_WARN_STRICT_PROTOTYPES = YES;
				CLANG_WARN_SUSPICIOUS_MOVE = YES;
				CLANG_WARN_UNGUARDED_AVAILABILITY = YES_AGGRESSIVE;
				CLANG_WARN_UNREACHABLE_CODE = YES;
				CLANG_WARN__DUPLICATE_METHOD_MATCH = YES;
				COPY_PHASE_STRIP = NO;
				DEBUG_INFORMATION_FORMAT = dwarf;
				ENABLE_STRICT_OBJC_MSGSEND = YES;
				ENABLE_TESTABILITY = YES;
				GCC_C_LANGUAGE_STANDARD = gnu11;
				GCC_DYNAMIC_NO_PIC = NO;
				GCC_NO_COMMON_BLOCKS = YES;
				GCC_OPTIMIZATION_LEVEL = 0;
				GCC_PREPROCESSOR_DEFINITIONS = (
					"DEBUG=1",
					"$(inherited)",
				);
				GCC_WARN_64_TO_32_BIT_CONVERSION = YES;
				GCC_WARN_ABOUT_RETURN_TYPE = YES_ERROR;
				GCC_WARN_UNDECLARED_SELECTOR = YES;
				GCC_WARN_UNINITIALIZED_AUTOS = YES_AGGRESSIVE;
				GCC_WARN_UNUSED_FUNCTION = YES;
				GCC_WARN_UNUSED_VARIABLE = YES;
				IPHONEOS_DEPLOYMENT_TARGET = 13.6;
				MTL_ENABLE_DEBUG_INFO = INCLUDE_SOURCE;
				MTL_FAST_MATH = YES;
				ONLY_ACTIVE_ARCH = YES;
				SDKROOT = iphoneos;
				SWIFT_ACTIVE_COMPILATION_CONDITIONS = DEBUG;
				SWIFT_OPTIMIZATION_LEVEL = "-Onone";
			};
			name = Debug;
		};
		D30F078B2512131C00967B38 /* Release */ = {
			isa = XCBuildConfiguration;
			buildSettings = {
				ALWAYS_SEARCH_USER_PATHS = NO;
				CLANG_ANALYZER_NONNULL = YES;
				CLANG_ANALYZER_NUMBER_OBJECT_CONVERSION = YES_AGGRESSIVE;
				CLANG_CXX_LANGUAGE_STANDARD = "gnu++14";
				CLANG_CXX_LIBRARY = "libc++";
				CLANG_ENABLE_MODULES = YES;
				CLANG_ENABLE_OBJC_ARC = YES;
				CLANG_ENABLE_OBJC_WEAK = YES;
				CLANG_WARN_BLOCK_CAPTURE_AUTORELEASING = YES;
				CLANG_WARN_BOOL_CONVERSION = YES;
				CLANG_WARN_COMMA = YES;
				CLANG_WARN_CONSTANT_CONVERSION = YES;
				CLANG_WARN_DEPRECATED_OBJC_IMPLEMENTATIONS = YES;
				CLANG_WARN_DIRECT_OBJC_ISA_USAGE = YES_ERROR;
				CLANG_WARN_DOCUMENTATION_COMMENTS = YES;
				CLANG_WARN_EMPTY_BODY = YES;
				CLANG_WARN_ENUM_CONVERSION = YES;
				CLANG_WARN_INFINITE_RECURSION = YES;
				CLANG_WARN_INT_CONVERSION = YES;
				CLANG_WARN_NON_LITERAL_NULL_CONVERSION = YES;
				CLANG_WARN_OBJC_IMPLICIT_RETAIN_SELF = YES;
				CLANG_WARN_OBJC_LITERAL_CONVERSION = YES;
				CLANG_WARN_OBJC_ROOT_CLASS = YES_ERROR;
				CLANG_WARN_RANGE_LOOP_ANALYSIS = YES;
				CLANG_WARN_STRICT_PROTOTYPES = YES;
				CLANG_WARN_SUSPICIOUS_MOVE = YES;
				CLANG_WARN_UNGUARDED_AVAILABILITY = YES_AGGRESSIVE;
				CLANG_WARN_UNREACHABLE_CODE = YES;
				CLANG_WARN__DUPLICATE_METHOD_MATCH = YES;
				COPY_PHASE_STRIP = NO;
				DEBUG_INFORMATION_FORMAT = "dwarf-with-dsym";
				ENABLE_NS_ASSERTIONS = NO;
				ENABLE_STRICT_OBJC_MSGSEND = YES;
				GCC_C_LANGUAGE_STANDARD = gnu11;
				GCC_NO_COMMON_BLOCKS = YES;
				GCC_WARN_64_TO_32_BIT_CONVERSION = YES;
				GCC_WARN_ABOUT_RETURN_TYPE = YES_ERROR;
				GCC_WARN_UNDECLARED_SELECTOR = YES;
				GCC_WARN_UNINITIALIZED_AUTOS = YES_AGGRESSIVE;
				GCC_WARN_UNUSED_FUNCTION = YES;
				GCC_WARN_UNUSED_VARIABLE = YES;
				IPHONEOS_DEPLOYMENT_TARGET = 13.6;
				MTL_ENABLE_DEBUG_INFO = NO;
				MTL_FAST_MATH = YES;
				SDKROOT = iphoneos;
				SWIFT_COMPILATION_MODE = wholemodule;
				SWIFT_OPTIMIZATION_LEVEL = "-O";
				VALIDATE_PRODUCT = YES;
			};
			name = Release;
		};
		D30F078D2512131C00967B38 /* Debug */ = {
			isa = XCBuildConfiguration;
			baseConfigurationReference = 9CC9A18E6578BFAA95967AD2 /* Pods-testLampa.debug.xcconfig */;
			buildSettings = {
				ASSETCATALOG_COMPILER_APPICON_NAME = AppIcon;
				CODE_SIGN_STYLE = Automatic;
				DEVELOPMENT_TEAM = T9592J2HYY;
				INFOPLIST_FILE = testLampa/Info.plist;
				IPHONEOS_DEPLOYMENT_TARGET = 11.0;
				LD_RUNPATH_SEARCH_PATHS = (
					"$(inherited)",
					"@executable_path/Frameworks",
				);
				PRODUCT_BUNDLE_IDENTIFIER = AS.testLampa;
				PRODUCT_NAME = "$(TARGET_NAME)";
				SWIFT_VERSION = 5.0;
				TARGETED_DEVICE_FAMILY = "1,2";
			};
			name = Debug;
		};
		D30F078E2512131C00967B38 /* Release */ = {
			isa = XCBuildConfiguration;
			baseConfigurationReference = 48C59A4DDF6AF3E303BCF898 /* Pods-testLampa.release.xcconfig */;
			buildSettings = {
				ASSETCATALOG_COMPILER_APPICON_NAME = AppIcon;
				CODE_SIGN_STYLE = Automatic;
				DEVELOPMENT_TEAM = T9592J2HYY;
				INFOPLIST_FILE = testLampa/Info.plist;
				IPHONEOS_DEPLOYMENT_TARGET = 11.0;
				LD_RUNPATH_SEARCH_PATHS = (
					"$(inherited)",
					"@executable_path/Frameworks",
				);
				PRODUCT_BUNDLE_IDENTIFIER = AS.testLampa;
				PRODUCT_NAME = "$(TARGET_NAME)";
				SWIFT_VERSION = 5.0;
				TARGETED_DEVICE_FAMILY = "1,2";
			};
			name = Release;
		};
/* End XCBuildConfiguration section */

/* Begin XCConfigurationList section */
		D30F07732512131A00967B38 /* Build configuration list for PBXProject "testLampa" */ = {
			isa = XCConfigurationList;
			buildConfigurations = (
				D30F078A2512131C00967B38 /* Debug */,
				D30F078B2512131C00967B38 /* Release */,
			);
			defaultConfigurationIsVisible = 0;
			defaultConfigurationName = Release;
		};
		D30F078C2512131C00967B38 /* Build configuration list for PBXNativeTarget "testLampa" */ = {
			isa = XCConfigurationList;
			buildConfigurations = (
				D30F078D2512131C00967B38 /* Debug */,
				D30F078E2512131C00967B38 /* Release */,
			);
			defaultConfigurationIsVisible = 0;
			defaultConfigurationName = Release;
		};
/* End XCConfigurationList section */
	};
	rootObject = D30F07702512131A00967B38 /* Project object */;
}
